// !$*UTF8*$!
{
	archiveVersion = 1;
	classes = {
	};
	objectVersion = 56;
	objects = {

/* Begin PBXBuildFile section */
		A9205F802CF0C2EF0092C4AE /* Extensions.swift in Sources */ = {isa = PBXBuildFile; fileRef = A9205F7F2CF0C2EF0092C4AE /* Extensions.swift */; };
		A994FC3A2CE61DBC006BCF1C /* CharacterListViewModel.swift in Sources */ = {isa = PBXBuildFile; fileRef = A994FC392CE61DBC006BCF1C /* CharacterListViewModel.swift */; };
		A994FC3C2CE61E70006BCF1C /* CharacterListView.swift in Sources */ = {isa = PBXBuildFile; fileRef = A994FC3B2CE61E70006BCF1C /* CharacterListView.swift */; };
		A99889982CDB3E2200C9D0EE /* RMService.swift in Sources */ = {isa = PBXBuildFile; fileRef = A99889972CDB3E2200C9D0EE /* RMService.swift */; };
		A998899A2CDB3E4500C9D0EE /* RMRequest.swift in Sources */ = {isa = PBXBuildFile; fileRef = A99889992CDB3E4500C9D0EE /* RMRequest.swift */; };
		A998899C2CDB3EE500C9D0EE /* RMEndpoint.swift in Sources */ = {isa = PBXBuildFile; fileRef = A998899B2CDB3EE500C9D0EE /* RMEndpoint.swift */; };
		A998899E2CDB541900C9D0EE /* RMOrigin.swift in Sources */ = {isa = PBXBuildFile; fileRef = A998899D2CDB541900C9D0EE /* RMOrigin.swift */; };
		A99889A02CDB54B000C9D0EE /* RMSingleLocation.swift in Sources */ = {isa = PBXBuildFile; fileRef = A998899F2CDB54B000C9D0EE /* RMSingleLocation.swift */; };
		A99889A42CDB561800C9D0EE /* RMCharacterStatus.swift in Sources */ = {isa = PBXBuildFile; fileRef = A99889A32CDB561800C9D0EE /* RMCharacterStatus.swift */; };
		A99889A62CDB566000C9D0EE /* RMCharacterGender.swift in Sources */ = {isa = PBXBuildFile; fileRef = A99889A52CDB566000C9D0EE /* RMCharacterGender.swift */; };
		A9A8A0C32CD8F07400DE5E1E /* AppDelegate.swift in Sources */ = {isa = PBXBuildFile; fileRef = A9A8A0C22CD8F07400DE5E1E /* AppDelegate.swift */; };
		A9A8A0C52CD8F07400DE5E1E /* SceneDelegate.swift in Sources */ = {isa = PBXBuildFile; fileRef = A9A8A0C42CD8F07400DE5E1E /* SceneDelegate.swift */; };
		A9A8A0C72CD8F07400DE5E1E /* RMTabViewController.swift in Sources */ = {isa = PBXBuildFile; fileRef = A9A8A0C62CD8F07400DE5E1E /* RMTabViewController.swift */; };
		A9A8A0CC2CD8F07500DE5E1E /* Assets.xcassets in Resources */ = {isa = PBXBuildFile; fileRef = A9A8A0CB2CD8F07500DE5E1E /* Assets.xcassets */; };
		A9A8A0CF2CD8F07500DE5E1E /* LaunchScreen.storyboard in Resources */ = {isa = PBXBuildFile; fileRef = A9A8A0CD2CD8F07500DE5E1E /* LaunchScreen.storyboard */; };
		A9A8A0DE2CD8F82C00DE5E1E /* RMLocation.swift in Sources */ = {isa = PBXBuildFile; fileRef = A9A8A0DD2CD8F82C00DE5E1E /* RMLocation.swift */; };
		A9A8A0E02CD8F84200DE5E1E /* RMCharacter.swift in Sources */ = {isa = PBXBuildFile; fileRef = A9A8A0DF2CD8F84200DE5E1E /* RMCharacter.swift */; };
		A9A8A0E22CD8F86700DE5E1E /* RMEpisode.swift in Sources */ = {isa = PBXBuildFile; fileRef = A9A8A0E12CD8F86700DE5E1E /* RMEpisode.swift */; };
		A9A8A0E52CD8F92B00DE5E1E /* RMCharacterViewController.swift in Sources */ = {isa = PBXBuildFile; fileRef = A9A8A0E42CD8F92B00DE5E1E /* RMCharacterViewController.swift */; };
		A9A8A0E72CD8F9F000DE5E1E /* RMLocationViewController.swift in Sources */ = {isa = PBXBuildFile; fileRef = A9A8A0E62CD8F9F000DE5E1E /* RMLocationViewController.swift */; };
		A9A8A0E92CD8FA0900DE5E1E /* RMEpisodeViewController.swift in Sources */ = {isa = PBXBuildFile; fileRef = A9A8A0E82CD8FA0900DE5E1E /* RMEpisodeViewController.swift */; };
		A9A8A0EB2CD8FA1E00DE5E1E /* RMSettingsViewController.swift in Sources */ = {isa = PBXBuildFile; fileRef = A9A8A0EA2CD8FA1E00DE5E1E /* RMSettingsViewController.swift */; };
		A9ACD1682CE4CF2D00779D90 /* RMGetAllCharacterResponse.swift in Sources */ = {isa = PBXBuildFile; fileRef = A9ACD1672CE4CF2D00779D90 /* RMGetAllCharacterResponse.swift */; };
/* End PBXBuildFile section */

/* Begin PBXFileReference section */
		A9205F7F2CF0C2EF0092C4AE /* Extensions.swift */ = {isa = PBXFileReference; lastKnownFileType = sourcecode.swift; path = Extensions.swift; sourceTree = "<group>"; };
		A994FC392CE61DBC006BCF1C /* CharacterListViewModel.swift */ = {isa = PBXFileReference; lastKnownFileType = sourcecode.swift; path = CharacterListViewModel.swift; sourceTree = "<group>"; };
		A994FC3B2CE61E70006BCF1C /* CharacterListView.swift */ = {isa = PBXFileReference; lastKnownFileType = sourcecode.swift; path = CharacterListView.swift; sourceTree = "<group>"; };
		A99889972CDB3E2200C9D0EE /* RMService.swift */ = {isa = PBXFileReference; lastKnownFileType = sourcecode.swift; path = RMService.swift; sourceTree = "<group>"; };
		A99889992CDB3E4500C9D0EE /* RMRequest.swift */ = {isa = PBXFileReference; lastKnownFileType = sourcecode.swift; path = RMRequest.swift; sourceTree = "<group>"; };
		A998899B2CDB3EE500C9D0EE /* RMEndpoint.swift */ = {isa = PBXFileReference; lastKnownFileType = sourcecode.swift; path = RMEndpoint.swift; sourceTree = "<group>"; };
		A998899D2CDB541900C9D0EE /* RMOrigin.swift */ = {isa = PBXFileReference; lastKnownFileType = sourcecode.swift; path = RMOrigin.swift; sourceTree = "<group>"; };
		A998899F2CDB54B000C9D0EE /* RMSingleLocation.swift */ = {isa = PBXFileReference; lastKnownFileType = sourcecode.swift; path = RMSingleLocation.swift; sourceTree = "<group>"; };
		A99889A32CDB561800C9D0EE /* RMCharacterStatus.swift */ = {isa = PBXFileReference; lastKnownFileType = sourcecode.swift; path = RMCharacterStatus.swift; sourceTree = "<group>"; };
		A99889A52CDB566000C9D0EE /* RMCharacterGender.swift */ = {isa = PBXFileReference; lastKnownFileType = sourcecode.swift; path = RMCharacterGender.swift; sourceTree = "<group>"; };
		A9A8A0BF2CD8F07400DE5E1E /* Rick&Morty.app */ = {isa = PBXFileReference; explicitFileType = wrapper.application; includeInIndex = 0; path = "Rick&Morty.app"; sourceTree = BUILT_PRODUCTS_DIR; };
		A9A8A0C22CD8F07400DE5E1E /* AppDelegate.swift */ = {isa = PBXFileReference; lastKnownFileType = sourcecode.swift; path = AppDelegate.swift; sourceTree = "<group>"; };
		A9A8A0C42CD8F07400DE5E1E /* SceneDelegate.swift */ = {isa = PBXFileReference; lastKnownFileType = sourcecode.swift; path = SceneDelegate.swift; sourceTree = "<group>"; };
		A9A8A0C62CD8F07400DE5E1E /* RMTabViewController.swift */ = {isa = PBXFileReference; lastKnownFileType = sourcecode.swift; path = RMTabViewController.swift; sourceTree = "<group>"; };
		A9A8A0CB2CD8F07500DE5E1E /* Assets.xcassets */ = {isa = PBXFileReference; lastKnownFileType = folder.assetcatalog; path = Assets.xcassets; sourceTree = "<group>"; };
		A9A8A0CE2CD8F07500DE5E1E /* Base */ = {isa = PBXFileReference; lastKnownFileType = file.storyboard; name = Base; path = Base.lproj/LaunchScreen.storyboard; sourceTree = "<group>"; };
		A9A8A0D02CD8F07500DE5E1E /* Info.plist */ = {isa = PBXFileReference; lastKnownFileType = text.plist.xml; path = Info.plist; sourceTree = "<group>"; };
		A9A8A0DD2CD8F82C00DE5E1E /* RMLocation.swift */ = {isa = PBXFileReference; lastKnownFileType = sourcecode.swift; path = RMLocation.swift; sourceTree = "<group>"; };
		A9A8A0DF2CD8F84200DE5E1E /* RMCharacter.swift */ = {isa = PBXFileReference; lastKnownFileType = sourcecode.swift; path = RMCharacter.swift; sourceTree = "<group>"; };
		A9A8A0E12CD8F86700DE5E1E /* RMEpisode.swift */ = {isa = PBXFileReference; lastKnownFileType = sourcecode.swift; path = RMEpisode.swift; sourceTree = "<group>"; };
		A9A8A0E42CD8F92B00DE5E1E /* RMCharacterViewController.swift */ = {isa = PBXFileReference; lastKnownFileType = sourcecode.swift; path = RMCharacterViewController.swift; sourceTree = "<group>"; };
		A9A8A0E62CD8F9F000DE5E1E /* RMLocationViewController.swift */ = {isa = PBXFileReference; lastKnownFileType = sourcecode.swift; path = RMLocationViewController.swift; sourceTree = "<group>"; };
		A9A8A0E82CD8FA0900DE5E1E /* RMEpisodeViewController.swift */ = {isa = PBXFileReference; lastKnownFileType = sourcecode.swift; path = RMEpisodeViewController.swift; sourceTree = "<group>"; };
		A9A8A0EA2CD8FA1E00DE5E1E /* RMSettingsViewController.swift */ = {isa = PBXFileReference; lastKnownFileType = sourcecode.swift; path = RMSettingsViewController.swift; sourceTree = "<group>"; };
		A9ACD1672CE4CF2D00779D90 /* RMGetAllCharacterResponse.swift */ = {isa = PBXFileReference; lastKnownFileType = sourcecode.swift; path = RMGetAllCharacterResponse.swift; sourceTree = "<group>"; };
/* End PBXFileReference section */

/* Begin PBXFrameworksBuildPhase section */
		A9A8A0BC2CD8F07400DE5E1E /* Frameworks */ = {
			isa = PBXFrameworksBuildPhase;
			buildActionMask = 2147483647;
			files = (
			);
			runOnlyForDeploymentPostprocessing = 0;
		};
/* End PBXFrameworksBuildPhase section */

/* Begin PBXGroup section */
		A9A8A0B62CD8F07400DE5E1E = {
			isa = PBXGroup;
			children = (
				A9A8A0C12CD8F07400DE5E1E /* Rick&Morty */,
				A9A8A0C02CD8F07400DE5E1E /* Products */,
			);
			sourceTree = "<group>";
		};
		A9A8A0C02CD8F07400DE5E1E /* Products */ = {
			isa = PBXGroup;
			children = (
				A9A8A0BF2CD8F07400DE5E1E /* Rick&Morty.app */,
			);
			name = Products;
			sourceTree = "<group>";
		};
		A9A8A0C12CD8F07400DE5E1E /* Rick&Morty */ = {
			isa = PBXGroup;
			children = (
				A9A8A0DC2CD8F77800DE5E1E /* Resources */,
				A9A8A0DB2CD8F76C00DE5E1E /* APIClient */,
				A9A8A0DA2CD8F74F00DE5E1E /* Managers */,
				A9A8A0D92CD8F74200DE5E1E /* ViewModels */,
				A9A8A0D82CD8F73A00DE5E1E /* Controllers */,
				A9A8A0D72CD8F73300DE5E1E /* Views */,
				A9A8A0D62CD8F72500DE5E1E /* Models */,
				A9A8A0D02CD8F07500DE5E1E /* Info.plist */,
			);
			path = "Rick&Morty";
			sourceTree = "<group>";
		};
		A9A8A0D62CD8F72500DE5E1E /* Models */ = {
			isa = PBXGroup;
			children = (
				A9ACD1662CE4CEF200779D90 /* APIResponseTypes */,
				A9ACD1652CE4CEDB00779D90 /* DataTypes */,
			);
			path = Models;
			sourceTree = "<group>";
		};
		A9A8A0D72CD8F73300DE5E1E /* Views */ = {
			isa = PBXGroup;
			children = (
				A9A8A0CD2CD8F07500DE5E1E /* LaunchScreen.storyboard */,
				A994FC3B2CE61E70006BCF1C /* CharacterListView.swift */,
			);
			path = Views;
			sourceTree = "<group>";
		};
		A9A8A0D82CD8F73A00DE5E1E /* Controllers */ = {
			isa = PBXGroup;
			children = (
				A9A8A0E32CD8F8FF00DE5E1E /* Core */,
			);
			path = Controllers;
			sourceTree = "<group>";
		};
		A9A8A0D92CD8F74200DE5E1E /* ViewModels */ = {
			isa = PBXGroup;
			children = (
				A994FC392CE61DBC006BCF1C /* CharacterListViewModel.swift */,
			);
			path = ViewModels;
			sourceTree = "<group>";
		};
		A9A8A0DA2CD8F74F00DE5E1E /* Managers */ = {
			isa = PBXGroup;
			children = (
			);
			path = Managers;
			sourceTree = "<group>";
		};
		A9A8A0DB2CD8F76C00DE5E1E /* APIClient */ = {
			isa = PBXGroup;
			children = (
				A99889972CDB3E2200C9D0EE /* RMService.swift */,
				A99889992CDB3E4500C9D0EE /* RMRequest.swift */,
				A998899B2CDB3EE500C9D0EE /* RMEndpoint.swift */,
			);
			path = APIClient;
			sourceTree = "<group>";
		};
		A9A8A0DC2CD8F77800DE5E1E /* Resources */ = {
			isa = PBXGroup;
			children = (
				A9A8A0C42CD8F07400DE5E1E /* SceneDelegate.swift */,
				A9A8A0C22CD8F07400DE5E1E /* AppDelegate.swift */,
				A9A8A0CB2CD8F07500DE5E1E /* Assets.xcassets */,
				A9205F7F2CF0C2EF0092C4AE /* Extensions.swift */,
			);
			path = Resources;
			sourceTree = "<group>";
		};
		A9A8A0E32CD8F8FF00DE5E1E /* Core */ = {
			isa = PBXGroup;
			children = (
				A9A8A0C62CD8F07400DE5E1E /* RMTabViewController.swift */,
				A9A8A0E42CD8F92B00DE5E1E /* RMCharacterViewController.swift */,
				A9A8A0E62CD8F9F000DE5E1E /* RMLocationViewController.swift */,
				A9A8A0E82CD8FA0900DE5E1E /* RMEpisodeViewController.swift */,
				A9A8A0EA2CD8FA1E00DE5E1E /* RMSettingsViewController.swift */,
			);
			path = Core;
			sourceTree = "<group>";
		};
		A9ACD1652CE4CEDB00779D90 /* DataTypes */ = {
			isa = PBXGroup;
			children = (
				A998899D2CDB541900C9D0EE /* RMOrigin.swift */,
				A9A8A0DD2CD8F82C00DE5E1E /* RMLocation.swift */,
				A9A8A0DF2CD8F84200DE5E1E /* RMCharacter.swift */,
				A9A8A0E12CD8F86700DE5E1E /* RMEpisode.swift */,
				A998899F2CDB54B000C9D0EE /* RMSingleLocation.swift */,
				A99889A32CDB561800C9D0EE /* RMCharacterStatus.swift */,
				A99889A52CDB566000C9D0EE /* RMCharacterGender.swift */,
			);
			path = DataTypes;
			sourceTree = "<group>";
		};
		A9ACD1662CE4CEF200779D90 /* APIResponseTypes */ = {
			isa = PBXGroup;
			children = (
				A9ACD1672CE4CF2D00779D90 /* RMGetAllCharacterResponse.swift */,
			);
			path = APIResponseTypes;
			sourceTree = "<group>";
		};
/* End PBXGroup section */

/* Begin PBXNativeTarget section */
		A9A8A0BE2CD8F07400DE5E1E /* Rick&Morty */ = {
			isa = PBXNativeTarget;
			buildConfigurationList = A9A8A0D32CD8F07500DE5E1E /* Build configuration list for PBXNativeTarget "Rick&Morty" */;
			buildPhases = (
				A9A8A0BB2CD8F07400DE5E1E /* Sources */,
				A9A8A0BC2CD8F07400DE5E1E /* Frameworks */,
				A9A8A0BD2CD8F07400DE5E1E /* Resources */,
			);
			buildRules = (
			);
			dependencies = (
			);
			name = "Rick&Morty";
			productName = "Rick&Morty";
			productReference = A9A8A0BF2CD8F07400DE5E1E /* Rick&Morty.app */;
			productType = "com.apple.product-type.application";
		};
/* End PBXNativeTarget section */

/* Begin PBXProject section */
		A9A8A0B72CD8F07400DE5E1E /* Project object */ = {
			isa = PBXProject;
			attributes = {
				BuildIndependentTargetsInParallel = 1;
				LastSwiftUpdateCheck = 1500;
				LastUpgradeCheck = 1500;
				TargetAttributes = {
					A9A8A0BE2CD8F07400DE5E1E = {
						CreatedOnToolsVersion = 15.0.1;
					};
				};
			};
			buildConfigurationList = A9A8A0BA2CD8F07400DE5E1E /* Build configuration list for PBXProject "Rick&Morty" */;
			compatibilityVersion = "Xcode 14.0";
			developmentRegion = en;
			hasScannedForEncodings = 0;
			knownRegions = (
				en,
				Base,
			);
			mainGroup = A9A8A0B62CD8F07400DE5E1E;
			productRefGroup = A9A8A0C02CD8F07400DE5E1E /* Products */;
			projectDirPath = "";
			projectRoot = "";
			targets = (
				A9A8A0BE2CD8F07400DE5E1E /* Rick&Morty */,
			);
		};
/* End PBXProject section */

/* Begin PBXResourcesBuildPhase section */
		A9A8A0BD2CD8F07400DE5E1E /* Resources */ = {
			isa = PBXResourcesBuildPhase;
			buildActionMask = 2147483647;
			files = (
				A9A8A0CF2CD8F07500DE5E1E /* LaunchScreen.storyboard in Resources */,
				A9A8A0CC2CD8F07500DE5E1E /* Assets.xcassets in Resources */,
			);
			runOnlyForDeploymentPostprocessing = 0;
		};
/* End PBXResourcesBuildPhase section */

/* Begin PBXSourcesBuildPhase section */
		A9A8A0BB2CD8F07400DE5E1E /* Sources */ = {
			isa = PBXSourcesBuildPhase;
			buildActionMask = 2147483647;
			files = (
				A9ACD1682CE4CF2D00779D90 /* RMGetAllCharacterResponse.swift in Sources */,
				A998899E2CDB541900C9D0EE /* RMOrigin.swift in Sources */,
				A994FC3C2CE61E70006BCF1C /* CharacterListView.swift in Sources */,
				A99889A02CDB54B000C9D0EE /* RMSingleLocation.swift in Sources */,
				A99889A42CDB561800C9D0EE /* RMCharacterStatus.swift in Sources */,
				A99889A62CDB566000C9D0EE /* RMCharacterGender.swift in Sources */,
				A9A8A0E72CD8F9F000DE5E1E /* RMLocationViewController.swift in Sources */,
				A9A8A0E22CD8F86700DE5E1E /* RMEpisode.swift in Sources */,
				A9A8A0C72CD8F07400DE5E1E /* RMTabViewController.swift in Sources */,
				A9A8A0E92CD8FA0900DE5E1E /* RMEpisodeViewController.swift in Sources */,
				A9A8A0C32CD8F07400DE5E1E /* AppDelegate.swift in Sources */,
				A9A8A0C52CD8F07400DE5E1E /* SceneDelegate.swift in Sources */,
				A9A8A0EB2CD8FA1E00DE5E1E /* RMSettingsViewController.swift in Sources */,
				A9205F802CF0C2EF0092C4AE /* Extensions.swift in Sources */,
				A99889982CDB3E2200C9D0EE /* RMService.swift in Sources */,
				A9A8A0DE2CD8F82C00DE5E1E /* RMLocation.swift in Sources */,
				A998899C2CDB3EE500C9D0EE /* RMEndpoint.swift in Sources */,
				A9A8A0E02CD8F84200DE5E1E /* RMCharacter.swift in Sources */,
				A998899A2CDB3E4500C9D0EE /* RMRequest.swift in Sources */,
				A9A8A0E52CD8F92B00DE5E1E /* RMCharacterViewController.swift in Sources */,
				A994FC3A2CE61DBC006BCF1C /* CharacterListViewModel.swift in Sources */,
			);
			runOnlyForDeploymentPostprocessing = 0;
		};
/* End PBXSourcesBuildPhase section */

/* Begin PBXVariantGroup section */
		A9A8A0CD2CD8F07500DE5E1E /* LaunchScreen.storyboard */ = {
			isa = PBXVariantGroup;
			children = (
				A9A8A0CE2CD8F07500DE5E1E /* Base */,
			);
			name = LaunchScreen.storyboard;
			sourceTree = "<group>";
		};
/* End PBXVariantGroup section */

/* Begin XCBuildConfiguration section */
		A9A8A0D12CD8F07500DE5E1E /* Debug */ = {
			isa = XCBuildConfiguration;
			buildSettings = {
				ALWAYS_SEARCH_USER_PATHS = NO;
				ASSETCATALOG_COMPILER_GENERATE_SWIFT_ASSET_SYMBOL_EXTENSIONS = YES;
				CLANG_ANALYZER_NONNULL = YES;
				CLANG_ANALYZER_NUMBER_OBJECT_CONVERSION = YES_AGGRESSIVE;
				CLANG_CXX_LANGUAGE_STANDARD = "gnu++20";
				CLANG_ENABLE_MODULES = YES;
				CLANG_ENABLE_OBJC_ARC = YES;
				CLANG_ENABLE_OBJC_WEAK = YES;
				CLANG_WARN_BLOCK_CAPTURE_AUTORELEASING = YES;
				CLANG_WARN_BOOL_CONVERSION = YES;
				CLANG_WARN_COMMA = YES;
				CLANG_WARN_CONSTANT_CONVERSION = YES;
				CLANG_WARN_DEPRECATED_OBJC_IMPLEMENTATIONS = YES;
				CLANG_WARN_DIRECT_OBJC_ISA_USAGE = YES_ERROR;
				CLANG_WARN_DOCUMENTATION_COMMENTS = YES;
				CLANG_WARN_EMPTY_BODY = YES;
				CLANG_WARN_ENUM_CONVERSION = YES;
				CLANG_WARN_INFINITE_RECURSION = YES;
				CLANG_WARN_INT_CONVERSION = YES;
				CLANG_WARN_NON_LITERAL_NULL_CONVERSION = YES;
				CLANG_WARN_OBJC_IMPLICIT_RETAIN_SELF = YES;
				CLANG_WARN_OBJC_LITERAL_CONVERSION = YES;
				CLANG_WARN_OBJC_ROOT_CLASS = YES_ERROR;
				CLANG_WARN_QUOTED_INCLUDE_IN_FRAMEWORK_HEADER = YES;
				CLANG_WARN_RANGE_LOOP_ANALYSIS = YES;
				CLANG_WARN_STRICT_PROTOTYPES = YES;
				CLANG_WARN_SUSPICIOUS_MOVE = YES;
				CLANG_WARN_UNGUARDED_AVAILABILITY = YES_AGGRESSIVE;
				CLANG_WARN_UNREACHABLE_CODE = YES;
				CLANG_WARN__DUPLICATE_METHOD_MATCH = YES;
				COPY_PHASE_STRIP = NO;
				DEBUG_INFORMATION_FORMAT = dwarf;
				ENABLE_STRICT_OBJC_MSGSEND = YES;
				ENABLE_TESTABILITY = YES;
				ENABLE_USER_SCRIPT_SANDBOXING = YES;
				GCC_C_LANGUAGE_STANDARD = gnu17;
				GCC_DYNAMIC_NO_PIC = NO;
				GCC_NO_COMMON_BLOCKS = YES;
				GCC_OPTIMIZATION_LEVEL = 0;
				GCC_PREPROCESSOR_DEFINITIONS = (
					"DEBUG=1",
					"$(inherited)",
				);
				GCC_WARN_64_TO_32_BIT_CONVERSION = YES;
				GCC_WARN_ABOUT_RETURN_TYPE = YES_ERROR;
				GCC_WARN_UNDECLARED_SELECTOR = YES;
				GCC_WARN_UNINITIALIZED_AUTOS = YES_AGGRESSIVE;
				GCC_WARN_UNUSED_FUNCTION = YES;
				GCC_WARN_UNUSED_VARIABLE = YES;
				IPHONEOS_DEPLOYMENT_TARGET = 17.0;
				LOCALIZATION_PREFERS_STRING_CATALOGS = YES;
				MTL_ENABLE_DEBUG_INFO = INCLUDE_SOURCE;
				MTL_FAST_MATH = YES;
				ONLY_ACTIVE_ARCH = YES;
				SDKROOT = iphoneos;
				SWIFT_ACTIVE_COMPILATION_CONDITIONS = "DEBUG $(inherited)";
				SWIFT_OPTIMIZATION_LEVEL = "-Onone";
			};
			name = Debug;
		};
		A9A8A0D22CD8F07500DE5E1E /* Release */ = {
			isa = XCBuildConfiguration;
			buildSettings = {
				ALWAYS_SEARCH_USER_PATHS = NO;
				ASSETCATALOG_COMPILER_GENERATE_SWIFT_ASSET_SYMBOL_EXTENSIONS = YES;
				CLANG_ANALYZER_NONNULL = YES;
				CLANG_ANALYZER_NUMBER_OBJECT_CONVERSION = YES_AGGRESSIVE;
				CLANG_CXX_LANGUAGE_STANDARD = "gnu++20";
				CLANG_ENABLE_MODULES = YES;
				CLANG_ENABLE_OBJC_ARC = YES;
				CLANG_ENABLE_OBJC_WEAK = YES;
				CLANG_WARN_BLOCK_CAPTURE_AUTORELEASING = YES;
				CLANG_WARN_BOOL_CONVERSION = YES;
				CLANG_WARN_COMMA = YES;
				CLANG_WARN_CONSTANT_CONVERSION = YES;
				CLANG_WARN_DEPRECATED_OBJC_IMPLEMENTATIONS = YES;
				CLANG_WARN_DIRECT_OBJC_ISA_USAGE = YES_ERROR;
				CLANG_WARN_DOCUMENTATION_COMMENTS = YES;
				CLANG_WARN_EMPTY_BODY = YES;
				CLANG_WARN_ENUM_CONVERSION = YES;
				CLANG_WARN_INFINITE_RECURSION = YES;
				CLANG_WARN_INT_CONVERSION = YES;
				CLANG_WARN_NON_LITERAL_NULL_CONVERSION = YES;
				CLANG_WARN_OBJC_IMPLICIT_RETAIN_SELF = YES;
				CLANG_WARN_OBJC_LITERAL_CONVERSION = YES;
				CLANG_WARN_OBJC_ROOT_CLASS = YES_ERROR;
				CLANG_WARN_QUOTED_INCLUDE_IN_FRAMEWORK_HEADER = YES;
				CLANG_WARN_RANGE_LOOP_ANALYSIS = YES;
				CLANG_WARN_STRICT_PROTOTYPES = YES;
				CLANG_WARN_SUSPICIOUS_MOVE = YES;
				CLANG_WARN_UNGUARDED_AVAILABILITY = YES_AGGRESSIVE;
				CLANG_WARN_UNREACHABLE_CODE = YES;
				CLANG_WARN__DUPLICATE_METHOD_MATCH = YES;
				COPY_PHASE_STRIP = NO;
				DEBUG_INFORMATION_FORMAT = "dwarf-with-dsym";
				ENABLE_NS_ASSERTIONS = NO;
				ENABLE_STRICT_OBJC_MSGSEND = YES;
				ENABLE_USER_SCRIPT_SANDBOXING = YES;
				GCC_C_LANGUAGE_STANDARD = gnu17;
				GCC_NO_COMMON_BLOCKS = YES;
				GCC_WARN_64_TO_32_BIT_CONVERSION = YES;
				GCC_WARN_ABOUT_RETURN_TYPE = YES_ERROR;
				GCC_WARN_UNDECLARED_SELECTOR = YES;
				GCC_WARN_UNINITIALIZED_AUTOS = YES_AGGRESSIVE;
				GCC_WARN_UNUSED_FUNCTION = YES;
				GCC_WARN_UNUSED_VARIABLE = YES;
				IPHONEOS_DEPLOYMENT_TARGET = 17.0;
				LOCALIZATION_PREFERS_STRING_CATALOGS = YES;
				MTL_ENABLE_DEBUG_INFO = NO;
				MTL_FAST_MATH = YES;
				SDKROOT = iphoneos;
				SWIFT_COMPILATION_MODE = wholemodule;
				VALIDATE_PRODUCT = YES;
			};
			name = Release;
		};
		A9A8A0D42CD8F07500DE5E1E /* Debug */ = {
			isa = XCBuildConfiguration;
			buildSettings = {
				ASSETCATALOG_COMPILER_APPICON_NAME = AppIcon;
				ASSETCATALOG_COMPILER_GLOBAL_ACCENT_COLOR_NAME = AccentColor;
				CODE_SIGN_STYLE = Automatic;
				CURRENT_PROJECT_VERSION = 1;
				DEVELOPMENT_TEAM = Q7K95397B5;
				GENERATE_INFOPLIST_FILE = YES;
				INFOPLIST_FILE = "Rick&Morty/Info.plist";
				INFOPLIST_KEY_UIApplicationSupportsIndirectInputEvents = YES;
				INFOPLIST_KEY_UILaunchStoryboardName = LaunchScreen;
				INFOPLIST_KEY_UISupportedInterfaceOrientations_iPad = "UIInterfaceOrientationPortrait UIInterfaceOrientationPortraitUpsideDown UIInterfaceOrientationLandscapeLeft UIInterfaceOrientationLandscapeRight";
				INFOPLIST_KEY_UISupportedInterfaceOrientations_iPhone = "UIInterfaceOrientationPortrait UIInterfaceOrientationLandscapeLeft UIInterfaceOrientationLandscapeRight";
				LD_RUNPATH_SEARCH_PATHS = (
					"$(inherited)",
					"@executable_path/Frameworks",
				);
				MARKETING_VERSION = 1.0;
				PRODUCT_BUNDLE_IDENTIFIER = "cfs.Rick-Morty";
				PRODUCT_NAME = "$(TARGET_NAME)";
				SWIFT_EMIT_LOC_STRINGS = YES;
				SWIFT_VERSION = 5.0;
				TARGETED_DEVICE_FAMILY = "1,2";
			};
			name = Debug;
		};
		A9A8A0D52CD8F07500DE5E1E /* Release */ = {
			isa = XCBuildConfiguration;
			buildSettings = {
				ASSETCATALOG_COMPILER_APPICON_NAME = AppIcon;
				ASSETCATALOG_COMPILER_GLOBAL_ACCENT_COLOR_NAME = AccentColor;
				CODE_SIGN_STYLE = Automatic;
				CURRENT_PROJECT_VERSION = 1;
				DEVELOPMENT_TEAM = Q7K95397B5;
				GENERATE_INFOPLIST_FILE = YES;
				INFOPLIST_FILE = "Rick&Morty/Info.plist";
				INFOPLIST_KEY_UIApplicationSupportsIndirectInputEvents = YES;
				INFOPLIST_KEY_UILaunchStoryboardName = LaunchScreen;
				INFOPLIST_KEY_UISupportedInterfaceOrientations_iPad = "UIInterfaceOrientationPortrait UIInterfaceOrientationPortraitUpsideDown UIInterfaceOrientationLandscapeLeft UIInterfaceOrientationLandscapeRight";
				INFOPLIST_KEY_UISupportedInterfaceOrientations_iPhone = "UIInterfaceOrientationPortrait UIInterfaceOrientationLandscapeLeft UIInterfaceOrientationLandscapeRight";
				LD_RUNPATH_SEARCH_PATHS = (
					"$(inherited)",
					"@executable_path/Frameworks",
				);
				MARKETING_VERSION = 1.0;
				PRODUCT_BUNDLE_IDENTIFIER = "cfs.Rick-Morty";
				PRODUCT_NAME = "$(TARGET_NAME)";
				SWIFT_EMIT_LOC_STRINGS = YES;
				SWIFT_VERSION = 5.0;
				TARGETED_DEVICE_FAMILY = "1,2";
			};
			name = Release;
		};
/* End XCBuildConfiguration section */

/* Begin XCConfigurationList section */
		A9A8A0BA2CD8F07400DE5E1E /* Build configuration list for PBXProject "Rick&Morty" */ = {
			isa = XCConfigurationList;
			buildConfigurations = (
				A9A8A0D12CD8F07500DE5E1E /* Debug */,
				A9A8A0D22CD8F07500DE5E1E /* Release */,
			);
			defaultConfigurationIsVisible = 0;
			defaultConfigurationName = Release;
		};
		A9A8A0D32CD8F07500DE5E1E /* Build configuration list for PBXNativeTarget "Rick&Morty" */ = {
			isa = XCConfigurationList;
			buildConfigurations = (
				A9A8A0D42CD8F07500DE5E1E /* Debug */,
				A9A8A0D52CD8F07500DE5E1E /* Release */,
			);
			defaultConfigurationIsVisible = 0;
			defaultConfigurationName = Release;
		};
/* End XCConfigurationList section */
	};
	rootObject = A9A8A0B72CD8F07400DE5E1E /* Project object */;
}
